
Microsoft Visual Studio Solution File, Format Version 12.00
# Visual Studio Version 17
VisualStudioVersion = 17.3.32811.315
MinimumVisualStudioVersion = 10.0.40219.1
Project("{FAE04EC0-301F-11D3-BF4B-00C04F79EFBC}") = "CommunicationIsKey", "CommunicationIsKey\CommunicationIsKey.csproj", "{BE4EAF33-9EE8-445B-9EDE-C55052A09039}"
EndProject
Global
	GlobalSection(SolutionConfigurationPlatforms) = preSolution
		Debug|Any CPU = Debug|Any CPU
		Release|Any CPU = Release|Any CPU
	EndGlobalSection
	GlobalSection(ProjectConfigurationPlatforms) = postSolution
		{BE4EAF33-9EE8-445B-9EDE-C55052A09039}.Debug|Any CPU.ActiveCfg = Debug|Any CPU
		{BE4EAF33-9EE8-445B-9EDE-C55052A09039}.Debug|Any CPU.Build.0 = Debug|Any CPU
		{BE4EAF33-9EE8-445B-9EDE-C55052A09039}.Release|Any CPU.ActiveCfg = Release|Any CPU
		{BE4EAF33-9EE8-445B-9EDE-C55052A09039}.Release|Any CPU.Build.0 = Release|Any CPU
	EndGlobalSection
	GlobalSection(SolutionProperties) = preSolution
		HideSolutionNode = FALSE
	EndGlobalSection
	GlobalSection(ExtensibilityGlobals) = postSolution
		SolutionGuid = {3E0A25D0-33C3-4252-BF89-3794FE81FFD7}
	EndGlobalSection
EndGlobal
